// !$*UTF8*$!
{
	archiveVersion = 1;
	classes = {
	};
	objectVersion = 56;
	objects = {

/* Begin PBXBuildFile section */
		7D4591E32ACFF96300C9998F /* SlidingAnimationApp.swift in Sources */ = {isa = PBXBuildFile; fileRef = 7D4591E22ACFF96300C9998F /* SlidingAnimationApp.swift */; };
		7D4591E52ACFF96300C9998F /* ContentView.swift in Sources */ = {isa = PBXBuildFile; fileRef = 7D4591E42ACFF96300C9998F /* ContentView.swift */; };
		7D4591E72ACFF96400C9998F /* Assets.xcassets in Resources */ = {isa = PBXBuildFile; fileRef = 7D4591E62ACFF96400C9998F /* Assets.xcassets */; };
		7D4591EA2ACFF96400C9998F /* Preview Assets.xcassets in Resources */ = {isa = PBXBuildFile; fileRef = 7D4591E92ACFF96400C9998F /* Preview Assets.xcassets */; };
		7D4591EC2ACFF96400C9998F /* Persistence.swift in Sources */ = {isa = PBXBuildFile; fileRef = 7D4591EB2ACFF96400C9998F /* Persistence.swift */; };
		7D4591EF2ACFF96400C9998F /* SlidingAnimation.xcdatamodeld in Sources */ = {isa = PBXBuildFile; fileRef = 7D4591ED2ACFF96400C9998F /* SlidingAnimation.xcdatamodeld */; };
		7D4591FA2AD031D600C9998F /* calenderViewModel.swift in Sources */ = {isa = PBXBuildFile; fileRef = 7D4591F92AD031D600C9998F /* calenderViewModel.swift */; };
		7D4591FC2AD032C500C9998F /* DateExtension.swift in Sources */ = {isa = PBXBuildFile; fileRef = 7D4591FB2AD032C500C9998F /* DateExtension.swift */; };
/* End PBXBuildFile section */

/* Begin PBXFileReference section */
		7D4591DF2ACFF96300C9998F /* SlidingAnimation.app */ = {isa = PBXFileReference; explicitFileType = wrapper.application; includeInIndex = 0; path = SlidingAnimation.app; sourceTree = BUILT_PRODUCTS_DIR; };
		7D4591E22ACFF96300C9998F /* SlidingAnimationApp.swift */ = {isa = PBXFileReference; lastKnownFileType = sourcecode.swift; path = SlidingAnimationApp.swift; sourceTree = "<group>"; };
		7D4591E42ACFF96300C9998F /* ContentView.swift */ = {isa = PBXFileReference; lastKnownFileType = sourcecode.swift; path = ContentView.swift; sourceTree = "<group>"; };
		7D4591E62ACFF96400C9998F /* Assets.xcassets */ = {isa = PBXFileReference; lastKnownFileType = folder.assetcatalog; path = Assets.xcassets; sourceTree = "<group>"; };
		7D4591E92ACFF96400C9998F /* Preview Assets.xcassets */ = {isa = PBXFileReference; lastKnownFileType = folder.assetcatalog; path = "Preview Assets.xcassets"; sourceTree = "<group>"; };
		7D4591EB2ACFF96400C9998F /* Persistence.swift */ = {isa = PBXFileReference; lastKnownFileType = sourcecode.swift; path = Persistence.swift; sourceTree = "<group>"; };
		7D4591EE2ACFF96400C9998F /* SlidingAnimation.xcdatamodel */ = {isa = PBXFileReference; lastKnownFileType = wrapper.xcdatamodel; path = SlidingAnimation.xcdatamodel; sourceTree = "<group>"; };
		7D4591F92AD031D600C9998F /* calenderViewModel.swift */ = {isa = PBXFileReference; lastKnownFileType = sourcecode.swift; path = calenderViewModel.swift; sourceTree = "<group>"; };
		7D4591FB2AD032C500C9998F /* DateExtension.swift */ = {isa = PBXFileReference; lastKnownFileType = sourcecode.swift; path = DateExtension.swift; sourceTree = "<group>"; };
/* End PBXFileReference section */

/* Begin PBXFrameworksBuildPhase section */
		7D4591DC2ACFF96300C9998F /* Frameworks */ = {
			isa = PBXFrameworksBuildPhase;
			buildActionMask = 2147483647;
			files = (
			);
			runOnlyForDeploymentPostprocessing = 0;
		};
/* End PBXFrameworksBuildPhase section */

/* Begin PBXGroup section */
		7D4591D62ACFF96300C9998F = {
			isa = PBXGroup;
			children = (
				7D4591E12ACFF96300C9998F /* SlidingAnimation */,
				7D4591E02ACFF96300C9998F /* Products */,
			);
			sourceTree = "<group>";
		};
		7D4591E02ACFF96300C9998F /* Products */ = {
			isa = PBXGroup;
			children = (
				7D4591DF2ACFF96300C9998F /* SlidingAnimation.app */,
			);
			name = Products;
			sourceTree = "<group>";
		};
		7D4591E12ACFF96300C9998F /* SlidingAnimation */ = {
			isa = PBXGroup;
			children = (
				7D4591E22ACFF96300C9998F /* SlidingAnimationApp.swift */,
				7D4591E42ACFF96300C9998F /* ContentView.swift */,
				7D4591F92AD031D600C9998F /* calenderViewModel.swift */,
				7D4591FB2AD032C500C9998F /* DateExtension.swift */,
				7D4591E62ACFF96400C9998F /* Assets.xcassets */,
				7D4591EB2ACFF96400C9998F /* Persistence.swift */,
				7D4591ED2ACFF96400C9998F /* SlidingAnimation.xcdatamodeld */,
				7D4591E82ACFF96400C9998F /* Preview Content */,
			);
			path = SlidingAnimation;
			sourceTree = "<group>";
		};
		7D4591E82ACFF96400C9998F /* Preview Content */ = {
			isa = PBXGroup;
			children = (
				7D4591E92ACFF96400C9998F /* Preview Assets.xcassets */,
			);
			path = "Preview Content";
			sourceTree = "<group>";
		};
/* End PBXGroup section */

/* Begin PBXNativeTarget section */
		7D4591DE2ACFF96300C9998F /* SlidingAnimation */ = {
			isa = PBXNativeTarget;
			buildConfigurationList = 7D4591F22ACFF96400C9998F /* Build configuration list for PBXNativeTarget "SlidingAnimation" */;
			buildPhases = (
				7D4591DB2ACFF96300C9998F /* Sources */,
				7D4591DC2ACFF96300C9998F /* Frameworks */,
				7D4591DD2ACFF96300C9998F /* Resources */,
			);
			buildRules = (
			);
			dependencies = (
			);
			name = SlidingAnimation;
			productName = SlidingAnimation;
			productReference = 7D4591DF2ACFF96300C9998F /* SlidingAnimation.app */;
			productType = "com.apple.product-type.application";
		};
/* End PBXNativeTarget section */

/* Begin PBXProject section */
		7D4591D72ACFF96300C9998F /* Project object */ = {
			isa = PBXProject;
			attributes = {
				BuildIndependentTargetsInParallel = 1;
				LastSwiftUpdateCheck = 1430;
				LastUpgradeCheck = 1430;
				TargetAttributes = {
					7D4591DE2ACFF96300C9998F = {
						CreatedOnToolsVersion = 14.3;
					};
				};
			};
			buildConfigurationList = 7D4591DA2ACFF96300C9998F /* Build configuration list for PBXProject "SlidingAnimation" */;
			compatibilityVersion = "Xcode 14.0";
			developmentRegion = en;
			hasScannedForEncodings = 0;
			knownRegions = (
				en,
				Base,
			);
			mainGroup = 7D4591D62ACFF96300C9998F;
			productRefGroup = 7D4591E02ACFF96300C9998F /* Products */;
			projectDirPath = "";
			projectRoot = "";
			targets = (
				7D4591DE2ACFF96300C9998F /* SlidingAnimation */,
			);
		};
/* End PBXProject section */

/* Begin PBXResourcesBuildPhase section */
		7D4591DD2ACFF96300C9998F /* Resources */ = {
			isa = PBXResourcesBuildPhase;
			buildActionMask = 2147483647;
			files = (
				7D4591EA2ACFF96400C9998F /* Preview Assets.xcassets in Resources */,
				7D4591E72ACFF96400C9998F /* Assets.xcassets in Resources */,
			);
			runOnlyForDeploymentPostprocessing = 0;
		};
/* End PBXResourcesBuildPhase section */

/* Begin PBXSourcesBuildPhase section */
		7D4591DB2ACFF96300C9998F /* Sources */ = {
			isa = PBXSourcesBuildPhase;
			buildActionMask = 2147483647;
			files = (
				7D4591EC2ACFF96400C9998F /* Persistence.swift in Sources */,
				7D4591FC2AD032C500C9998F /* DateExtension.swift in Sources */,
				7D4591FA2AD031D600C9998F /* calenderViewModel.swift in Sources */,
				7D4591E52ACFF96300C9998F /* ContentView.swift in Sources */,
				7D4591E32ACFF96300C9998F /* SlidingAnimationApp.swift in Sources */,
				7D4591EF2ACFF96400C9998F /* SlidingAnimation.xcdatamodeld in Sources */,
			);
			runOnlyForDeploymentPostprocessing = 0;
		};
/* End PBXSourcesBuildPhase section */

/* Begin XCBuildConfiguration section */
		7D4591F02ACFF96400C9998F /* Debug */ = {
			isa = XCBuildConfiguration;
			buildSettings = {
				ALWAYS_SEARCH_USER_PATHS = NO;
				CLANG_ANALYZER_NONNULL = YES;
				CLANG_ANALYZER_NUMBER_OBJECT_CONVERSION = YES_AGGRESSIVE;
				CLANG_CXX_LANGUAGE_STANDARD = "gnu++20";
				CLANG_ENABLE_MODULES = YES;
				CLANG_ENABLE_OBJC_ARC = YES;
				CLANG_ENABLE_OBJC_WEAK = YES;
				CLANG_WARN_BLOCK_CAPTURE_AUTORELEASING = YES;
				CLANG_WARN_BOOL_CONVERSION = YES;
				CLANG_WARN_COMMA = YES;
				CLANG_WARN_CONSTANT_CONVERSION = YES;
				CLANG_WARN_DEPRECATED_OBJC_IMPLEMENTATIONS = YES;
				CLANG_WARN_DIRECT_OBJC_ISA_USAGE = YES_ERROR;
				CLANG_WARN_DOCUMENTATION_COMMENTS = YES;
				CLANG_WARN_EMPTY_BODY = YES;
				CLANG_WARN_ENUM_CONVERSION = YES;
				CLANG_WARN_INFINITE_RECURSION = YES;
				CLANG_WARN_INT_CONVERSION = YES;
				CLANG_WARN_NON_LITERAL_NULL_CONVERSION = YES;
				CLANG_WARN_OBJC_IMPLICIT_RETAIN_SELF = YES;
				CLANG_WARN_OBJC_LITERAL_CONVERSION = YES;
				CLANG_WARN_OBJC_ROOT_CLASS = YES_ERROR;
				CLANG_WARN_QUOTED_INCLUDE_IN_FRAMEWORK_HEADER = YES;
				CLANG_WARN_RANGE_LOOP_ANALYSIS = YES;
				CLANG_WARN_STRICT_PROTOTYPES = YES;
				CLANG_WARN_SUSPICIOUS_MOVE = YES;
				CLANG_WARN_UNGUARDED_AVAILABILITY = YES_AGGRESSIVE;
				CLANG_WARN_UNREACHABLE_CODE = YES;
				CLANG_WARN__DUPLICATE_METHOD_MATCH = YES;
				COPY_PHASE_STRIP = NO;
				DEBUG_INFORMATION_FORMAT = dwarf;
				ENABLE_STRICT_OBJC_MSGSEND = YES;
				ENABLE_TESTABILITY = YES;
				GCC_C_LANGUAGE_STANDARD = gnu11;
				GCC_DYNAMIC_NO_PIC = NO;
				GCC_NO_COMMON_BLOCKS = YES;
				GCC_OPTIMIZATION_LEVEL = 0;
				GCC_PREPROCESSOR_DEFINITIONS = (
					"DEBUG=1",
					"$(inherited)",
				);
				GCC_WARN_64_TO_32_BIT_CONVERSION = YES;
				GCC_WARN_ABOUT_RETURN_TYPE = YES_ERROR;
				GCC_WARN_UNDECLARED_SELECTOR = YES;
				GCC_WARN_UNINITIALIZED_AUTOS = YES_AGGRESSIVE;
				GCC_WARN_UNUSED_FUNCTION = YES;
				GCC_WARN_UNUSED_VARIABLE = YES;
				IPHONEOS_DEPLOYMENT_TARGET = 16.4;
				MTL_ENABLE_DEBUG_INFO = INCLUDE_SOURCE;
				MTL_FAST_MATH = YES;
				ONLY_ACTIVE_ARCH = YES;
				SDKROOT = iphoneos;
				SWIFT_ACTIVE_COMPILATION_CONDITIONS = DEBUG;
				SWIFT_OPTIMIZATION_LEVEL = "-Onone";
			};
			name = Debug;
		};
		7D4591F12ACFF96400C9998F /* Release */ = {
			isa = XCBuildConfiguration;
			buildSettings = {
				ALWAYS_SEARCH_USER_PATHS = NO;
				CLANG_ANALYZER_NONNULL = YES;
				CLANG_ANALYZER_NUMBER_OBJECT_CONVERSION = YES_AGGRESSIVE;
				CLANG_CXX_LANGUAGE_STANDARD = "gnu++20";
				CLANG_ENABLE_MODULES = YES;
				CLANG_ENABLE_OBJC_ARC = YES;
				CLANG_ENABLE_OBJC_WEAK = YES;
				CLANG_WARN_BLOCK_CAPTURE_AUTORELEASING = YES;
				CLANG_WARN_BOOL_CONVERSION = YES;
				CLANG_WARN_COMMA = YES;
				CLANG_WARN_CONSTANT_CONVERSION = YES;
				CLANG_WARN_DEPRECATED_OBJC_IMPLEMENTATIONS = YES;
				CLANG_WARN_DIRECT_OBJC_ISA_USAGE = YES_ERROR;
				CLANG_WARN_DOCUMENTATION_COMMENTS = YES;
				CLANG_WARN_EMPTY_BODY = YES;
				CLANG_WARN_ENUM_CONVERSION = YES;
				CLANG_WARN_INFINITE_RECURSION = YES;
				CLANG_WARN_INT_CONVERSION = YES;
				CLANG_WARN_NON_LITERAL_NULL_CONVERSION = YES;
				CLANG_WARN_OBJC_IMPLICIT_RETAIN_SELF = YES;
				CLANG_WARN_OBJC_LITERAL_CONVERSION = YES;
				CLANG_WARN_OBJC_ROOT_CLASS = YES_ERROR;
				CLANG_WARN_QUOTED_INCLUDE_IN_FRAMEWORK_HEADER = YES;
				CLANG_WARN_RANGE_LOOP_ANALYSIS = YES;
				CLANG_WARN_STRICT_PROTOTYPES = YES;
				CLANG_WARN_SUSPICIOUS_MOVE = YES;
				CLANG_WARN_UNGUARDED_AVAILABILITY = YES_AGGRESSIVE;
				CLANG_WARN_UNREACHABLE_CODE = YES;
				CLANG_WARN__DUPLICATE_METHOD_MATCH = YES;
				COPY_PHASE_STRIP = NO;
				DEBUG_INFORMATION_FORMAT = "dwarf-with-dsym";
				ENABLE_NS_ASSERTIONS = NO;
				ENABLE_STRICT_OBJC_MSGSEND = YES;
				GCC_C_LANGUAGE_STANDARD = gnu11;
				GCC_NO_COMMON_BLOCKS = YES;
				GCC_WARN_64_TO_32_BIT_CONVERSION = YES;
				GCC_WARN_ABOUT_RETURN_TYPE = YES_ERROR;
				GCC_WARN_UNDECLARED_SELECTOR = YES;
				GCC_WARN_UNINITIALIZED_AUTOS = YES_AGGRESSIVE;
				GCC_WARN_UNUSED_FUNCTION = YES;
				GCC_WARN_UNUSED_VARIABLE = YES;
				IPHONEOS_DEPLOYMENT_TARGET = 16.4;
				MTL_ENABLE_DEBUG_INFO = NO;
				MTL_FAST_MATH = YES;
				SDKROOT = iphoneos;
				SWIFT_COMPILATION_MODE = wholemodule;
				SWIFT_OPTIMIZATION_LEVEL = "-O";
				VALIDATE_PRODUCT = YES;
			};
			name = Release;
		};
		7D4591F32ACFF96400C9998F /* Debug */ = {
			isa = XCBuildConfiguration;
			buildSettings = {
				ASSETCATALOG_COMPILER_APPICON_NAME = AppIcon;
				ASSETCATALOG_COMPILER_GLOBAL_ACCENT_COLOR_NAME = AccentColor;
				CODE_SIGN_STYLE = Automatic;
				CURRENT_PROJECT_VERSION = 1;
				DEVELOPMENT_ASSET_PATHS = "\"SlidingAnimation/Preview Content\"";
				ENABLE_PREVIEWS = YES;
				GENERATE_INFOPLIST_FILE = YES;
				INFOPLIST_KEY_UIApplicationSceneManifest_Generation = YES;
				INFOPLIST_KEY_UIApplicationSupportsIndirectInputEvents = YES;
				INFOPLIST_KEY_UILaunchScreen_Generation = YES;
				INFOPLIST_KEY_UISupportedInterfaceOrientations_iPad = "UIInterfaceOrientationPortrait UIInterfaceOrientationPortraitUpsideDown UIInterfaceOrientationLandscapeLeft UIInterfaceOrientationLandscapeRight";
				INFOPLIST_KEY_UISupportedInterfaceOrientations_iPhone = "UIInterfaceOrientationPortrait UIInterfaceOrientationLandscapeLeft UIInterfaceOrientationLandscapeRight";
				LD_RUNPATH_SEARCH_PATHS = (
					"$(inherited)",
					"@executable_path/Frameworks",
				);
				MARKETING_VERSION = 1.0;
				PRODUCT_BUNDLE_IDENTIFIER = training.SlidingAnimation;
				PRODUCT_NAME = "$(TARGET_NAME)";
				SWIFT_EMIT_LOC_STRINGS = YES;
				SWIFT_VERSION = 5.0;
				TARGETED_DEVICE_FAMILY = "1,2";
			};
			name = Debug;
		};
		7D4591F42ACFF96400C9998F /* Release */ = {
			isa = XCBuildConfiguration;
			buildSettings = {
				ASSETCATALOG_COMPILER_APPICON_NAME = AppIcon;
				ASSETCATALOG_COMPILER_GLOBAL_ACCENT_COLOR_NAME = AccentColor;
				CODE_SIGN_STYLE = Automatic;
				CURRENT_PROJECT_VERSION = 1;
				DEVELOPMENT_ASSET_PATHS = "\"SlidingAnimation/Preview Content\"";
				ENABLE_PREVIEWS = YES;
				GENERATE_INFOPLIST_FILE = YES;
				INFOPLIST_KEY_UIApplicationSceneManifest_Generation = YES;
				INFOPLIST_KEY_UIApplicationSupportsIndirectInputEvents = YES;
				INFOPLIST_KEY_UILaunchScreen_Generation = YES;
				INFOPLIST_KEY_UISupportedInterfaceOrientations_iPad = "UIInterfaceOrientationPortrait UIInterfaceOrientationPortraitUpsideDown UIInterfaceOrientationLandscapeLeft UIInterfaceOrientationLandscapeRight";
				INFOPLIST_KEY_UISupportedInterfaceOrientations_iPhone = "UIInterfaceOrientationPortrait UIInterfaceOrientationLandscapeLeft UIInterfaceOrientationLandscapeRight";
				LD_RUNPATH_SEARCH_PATHS = (
					"$(inherited)",
					"@executable_path/Frameworks",
				);
				MARKETING_VERSION = 1.0;
				PRODUCT_BUNDLE_IDENTIFIER = training.SlidingAnimation;
				PRODUCT_NAME = "$(TARGET_NAME)";
				SWIFT_EMIT_LOC_STRINGS = YES;
				SWIFT_VERSION = 5.0;
				TARGETED_DEVICE_FAMILY = "1,2";
			};
			name = Release;
		};
/* End XCBuildConfiguration section */

/* Begin XCConfigurationList section */
		7D4591DA2ACFF96300C9998F /* Build configuration list for PBXProject "SlidingAnimation" */ = {
			isa = XCConfigurationList;
			buildConfigurations = (
				7D4591F02ACFF96400C9998F /* Debug */,
				7D4591F12ACFF96400C9998F /* Release */,
			);
			defaultConfigurationIsVisible = 0;
			defaultConfigurationName = Release;
		};
		7D4591F22ACFF96400C9998F /* Build configuration list for PBXNativeTarget "SlidingAnimation" */ = {
			isa = XCConfigurationList;
			buildConfigurations = (
				7D4591F32ACFF96400C9998F /* Debug */,
				7D4591F42ACFF96400C9998F /* Release */,
			);
			defaultConfigurationIsVisible = 0;
			defaultConfigurationName = Release;
		};
/* End XCConfigurationList section */

/* Begin XCVersionGroup section */
		7D4591ED2ACFF96400C9998F /* SlidingAnimation.xcdatamodeld */ = {
			isa = XCVersionGroup;
			children = (
				7D4591EE2ACFF96400C9998F /* SlidingAnimation.xcdatamodel */,
			);
			currentVersion = 7D4591EE2ACFF96400C9998F /* SlidingAnimation.xcdatamodel */;
			path = SlidingAnimation.xcdatamodeld;
			sourceTree = "<group>";
			versionGroupType = wrapper.xcdatamodel;
		};
/* End XCVersionGroup section */
	};
	rootObject = 7D4591D72ACFF96300C9998F /* Project object */;
}
